// !$*UTF8*$!
{
	archiveVersion = 1;
	classes = {
	};
	objectVersion = 46;
	objects = {

/* Begin PBXBuildFile section */
		9D04C97A1AAF9F6B002E20F0 /* CreateListViewController.m in Sources */ = {isa = PBXBuildFile; fileRef = 9D04C9781AAF9F6B002E20F0 /* CreateListViewController.m */; };
		9D04C97B1AAF9F6B002E20F0 /* CreateListViewController.xib in Resources */ = {isa = PBXBuildFile; fileRef = 9D04C9791AAF9F6B002E20F0 /* CreateListViewController.xib */; };
		9D0586121AB05F7F00BB7844 /* ShoppingListViewController.m in Sources */ = {isa = PBXBuildFile; fileRef = 9D0586101AB05F7F00BB7844 /* ShoppingListViewController.m */; };
		9D0586131AB05F7F00BB7844 /* ShoppingListViewController.xib in Resources */ = {isa = PBXBuildFile; fileRef = 9D0586111AB05F7F00BB7844 /* ShoppingListViewController.xib */; };
		9D0CE3191AB2DF8A002D181F /* ProductListViewController.m in Sources */ = {isa = PBXBuildFile; fileRef = 9D0CE3171AB2DF8A002D181F /* ProductListViewController.m */; };
		9D0CE31A1AB2DF8A002D181F /* ProductListViewController.xib in Resources */ = {isa = PBXBuildFile; fileRef = 9D0CE3181AB2DF8A002D181F /* ProductListViewController.xib */; };
		9D0CE31E1AB2DFA3002D181F /* CreateProductViewController.m in Sources */ = {isa = PBXBuildFile; fileRef = 9D0CE31C1AB2DFA3002D181F /* CreateProductViewController.m */; };
		9D0CE31F1AB2DFA3002D181F /* CreateProductViewController.xib in Resources */ = {isa = PBXBuildFile; fileRef = 9D0CE31D1AB2DFA3002D181F /* CreateProductViewController.xib */; };
		9D1119F11A9C9A0C006F0414 /* NSObject+SBJson.m in Sources */ = {isa = PBXBuildFile; fileRef = 9D1119D91A9C9A0C006F0414 /* NSObject+SBJson.m */; };
		9D1119F21A9C9A0C006F0414 /* SBJsonParser.m in Sources */ = {isa = PBXBuildFile; fileRef = 9D1119DC1A9C9A0C006F0414 /* SBJsonParser.m */; };
		9D1119F31A9C9A0C006F0414 /* SBJsonStreamParser.m in Sources */ = {isa = PBXBuildFile; fileRef = 9D1119DE1A9C9A0C006F0414 /* SBJsonStreamParser.m */; };
		9D1119F41A9C9A0C006F0414 /* SBJsonStreamParserAccumulator.m in Sources */ = {isa = PBXBuildFile; fileRef = 9D1119E01A9C9A0C006F0414 /* SBJsonStreamParserAccumulator.m */; };
		9D1119F51A9C9A0C006F0414 /* SBJsonStreamParserAdapter.m in Sources */ = {isa = PBXBuildFile; fileRef = 9D1119E21A9C9A0C006F0414 /* SBJsonStreamParserAdapter.m */; };
		9D1119F61A9C9A0C006F0414 /* SBJsonStreamParserState.m in Sources */ = {isa = PBXBuildFile; fileRef = 9D1119E41A9C9A0C006F0414 /* SBJsonStreamParserState.m */; };
		9D1119F71A9C9A0C006F0414 /* SBJsonStreamWriter.m in Sources */ = {isa = PBXBuildFile; fileRef = 9D1119E61A9C9A0C006F0414 /* SBJsonStreamWriter.m */; };
		9D1119F81A9C9A0C006F0414 /* SBJsonStreamWriterAccumulator.m in Sources */ = {isa = PBXBuildFile; fileRef = 9D1119E81A9C9A0C006F0414 /* SBJsonStreamWriterAccumulator.m */; };
		9D1119F91A9C9A0C006F0414 /* SBJsonStreamWriterState.m in Sources */ = {isa = PBXBuildFile; fileRef = 9D1119EA1A9C9A0C006F0414 /* SBJsonStreamWriterState.m */; };
		9D1119FA1A9C9A0C006F0414 /* SBJsonTokeniser.m in Sources */ = {isa = PBXBuildFile; fileRef = 9D1119EC1A9C9A0C006F0414 /* SBJsonTokeniser.m */; };
		9D1119FB1A9C9A0C006F0414 /* SBJsonUTF8Stream.m in Sources */ = {isa = PBXBuildFile; fileRef = 9D1119EE1A9C9A0C006F0414 /* SBJsonUTF8Stream.m */; };
		9D1119FC1A9C9A0C006F0414 /* SBJsonWriter.m in Sources */ = {isa = PBXBuildFile; fileRef = 9D1119F01A9C9A0C006F0414 /* SBJsonWriter.m */; };
		9D3788B91A9F3169006E46E1 /* User.m in Sources */ = {isa = PBXBuildFile; fileRef = 9D3788B81A9F3169006E46E1 /* User.m */; };
		9D3788BC1A9F3191006E46E1 /* ShoppingList.m in Sources */ = {isa = PBXBuildFile; fileRef = 9D3788BB1A9F3191006E46E1 /* ShoppingList.m */; };
		9D3788BF1A9F31AC006E46E1 /* Product.m in Sources */ = {isa = PBXBuildFile; fileRef = 9D3788BE1A9F31AC006E46E1 /* Product.m */; };
		9D8D8AED1AAEF0B70048A883 /* SignUpViewController.m in Sources */ = {isa = PBXBuildFile; fileRef = 9D8D8AEB1AAEF0B70048A883 /* SignUpViewController.m */; };
		9D8D8AEE1AAEF0B70048A883 /* SignUpViewController.xib in Resources */ = {isa = PBXBuildFile; fileRef = 9D8D8AEC1AAEF0B70048A883 /* SignUpViewController.xib */; };
		9DB5F8EA1A961B7B00EDF745 /* main.m in Sources */ = {isa = PBXBuildFile; fileRef = 9DB5F8E91A961B7B00EDF745 /* main.m */; };
		9DB5F8ED1A961B7B00EDF745 /* AppDelegate.m in Sources */ = {isa = PBXBuildFile; fileRef = 9DB5F8EC1A961B7B00EDF745 /* AppDelegate.m */; };
		9DB5F8F51A961B7B00EDF745 /* Images.xcassets in Resources */ = {isa = PBXBuildFile; fileRef = 9DB5F8F41A961B7B00EDF745 /* Images.xcassets */; };
		9DB5F8F81A961B7B00EDF745 /* LaunchScreen.xib in Resources */ = {isa = PBXBuildFile; fileRef = 9DB5F8F61A961B7B00EDF745 /* LaunchScreen.xib */; };
		9DB5F9041A961B7B00EDF745 /* iShoppingListTests.m in Sources */ = {isa = PBXBuildFile; fileRef = 9DB5F9031A961B7B00EDF745 /* iShoppingListTests.m */; };
		9DB5F9101A961E2200EDF745 /* LoginViewController.m in Sources */ = {isa = PBXBuildFile; fileRef = 9DB5F90E1A961E2200EDF745 /* LoginViewController.m */; };
		9DB5F9111A961E2200EDF745 /* LoginViewController.xib in Resources */ = {isa = PBXBuildFile; fileRef = 9DB5F90F1A961E2200EDF745 /* LoginViewController.xib */; };
/* End PBXBuildFile section */

/* Begin PBXContainerItemProxy section */
		9DB5F8FE1A961B7B00EDF745 /* PBXContainerItemProxy */ = {
			isa = PBXContainerItemProxy;
			containerPortal = 9DB5F8DC1A961B7B00EDF745 /* Project object */;
			proxyType = 1;
			remoteGlobalIDString = 9DB5F8E31A961B7B00EDF745;
			remoteInfo = iShoppingList;
		};
/* End PBXContainerItemProxy section */

/* Begin PBXFileReference section */
		9D04C9771AAF9F6B002E20F0 /* CreateListViewController.h */ = {isa = PBXFileReference; fileEncoding = 4; lastKnownFileType = sourcecode.c.h; path = CreateListViewController.h; sourceTree = "<group>"; };
		9D04C9781AAF9F6B002E20F0 /* CreateListViewController.m */ = {isa = PBXFileReference; fileEncoding = 4; lastKnownFileType = sourcecode.c.objc; path = CreateListViewController.m; sourceTree = "<group>"; };
		9D04C9791AAF9F6B002E20F0 /* CreateListViewController.xib */ = {isa = PBXFileReference; fileEncoding = 4; lastKnownFileType = file.xib; path = CreateListViewController.xib; sourceTree = "<group>"; };
		9D05860F1AB05F7F00BB7844 /* ShoppingListViewController.h */ = {isa = PBXFileReference; fileEncoding = 4; lastKnownFileType = sourcecode.c.h; path = ShoppingListViewController.h; sourceTree = "<group>"; };
		9D0586101AB05F7F00BB7844 /* ShoppingListViewController.m */ = {isa = PBXFileReference; fileEncoding = 4; lastKnownFileType = sourcecode.c.objc; path = ShoppingListViewController.m; sourceTree = "<group>"; };
		9D0586111AB05F7F00BB7844 /* ShoppingListViewController.xib */ = {isa = PBXFileReference; fileEncoding = 4; lastKnownFileType = file.xib; path = ShoppingListViewController.xib; sourceTree = "<group>"; };
		9D0CE3161AB2DF8A002D181F /* ProductListViewController.h */ = {isa = PBXFileReference; fileEncoding = 4; lastKnownFileType = sourcecode.c.h; path = ProductListViewController.h; sourceTree = "<group>"; };
		9D0CE3171AB2DF8A002D181F /* ProductListViewController.m */ = {isa = PBXFileReference; fileEncoding = 4; lastKnownFileType = sourcecode.c.objc; path = ProductListViewController.m; sourceTree = "<group>"; };
		9D0CE3181AB2DF8A002D181F /* ProductListViewController.xib */ = {isa = PBXFileReference; fileEncoding = 4; lastKnownFileType = file.xib; path = ProductListViewController.xib; sourceTree = "<group>"; };
		9D0CE31B1AB2DFA3002D181F /* CreateProductViewController.h */ = {isa = PBXFileReference; fileEncoding = 4; lastKnownFileType = sourcecode.c.h; path = CreateProductViewController.h; sourceTree = "<group>"; };
		9D0CE31C1AB2DFA3002D181F /* CreateProductViewController.m */ = {isa = PBXFileReference; fileEncoding = 4; lastKnownFileType = sourcecode.c.objc; path = CreateProductViewController.m; sourceTree = "<group>"; };
		9D0CE31D1AB2DFA3002D181F /* CreateProductViewController.xib */ = {isa = PBXFileReference; fileEncoding = 4; lastKnownFileType = file.xib; path = CreateProductViewController.xib; sourceTree = "<group>"; };
		9D1119D81A9C9A0C006F0414 /* NSObject+SBJson.h */ = {isa = PBXFileReference; fileEncoding = 4; lastKnownFileType = sourcecode.c.h; path = "NSObject+SBJson.h"; sourceTree = "<group>"; };
		9D1119D91A9C9A0C006F0414 /* NSObject+SBJson.m */ = {isa = PBXFileReference; fileEncoding = 4; lastKnownFileType = sourcecode.c.objc; path = "NSObject+SBJson.m"; sourceTree = "<group>"; };
		9D1119DA1A9C9A0C006F0414 /* SBJson.h */ = {isa = PBXFileReference; fileEncoding = 4; lastKnownFileType = sourcecode.c.h; path = SBJson.h; sourceTree = "<group>"; };
		9D1119DB1A9C9A0C006F0414 /* SBJsonParser.h */ = {isa = PBXFileReference; fileEncoding = 4; lastKnownFileType = sourcecode.c.h; path = SBJsonParser.h; sourceTree = "<group>"; };
		9D1119DC1A9C9A0C006F0414 /* SBJsonParser.m */ = {isa = PBXFileReference; fileEncoding = 4; lastKnownFileType = sourcecode.c.objc; path = SBJsonParser.m; sourceTree = "<group>"; };
		9D1119DD1A9C9A0C006F0414 /* SBJsonStreamParser.h */ = {isa = PBXFileReference; fileEncoding = 4; lastKnownFileType = sourcecode.c.h; path = SBJsonStreamParser.h; sourceTree = "<group>"; };
		9D1119DE1A9C9A0C006F0414 /* SBJsonStreamParser.m */ = {isa = PBXFileReference; fileEncoding = 4; lastKnownFileType = sourcecode.c.objc; path = SBJsonStreamParser.m; sourceTree = "<group>"; };
		9D1119DF1A9C9A0C006F0414 /* SBJsonStreamParserAccumulator.h */ = {isa = PBXFileReference; fileEncoding = 4; lastKnownFileType = sourcecode.c.h; path = SBJsonStreamParserAccumulator.h; sourceTree = "<group>"; };
		9D1119E01A9C9A0C006F0414 /* SBJsonStreamParserAccumulator.m */ = {isa = PBXFileReference; fileEncoding = 4; lastKnownFileType = sourcecode.c.objc; path = SBJsonStreamParserAccumulator.m; sourceTree = "<group>"; };
		9D1119E11A9C9A0C006F0414 /* SBJsonStreamParserAdapter.h */ = {isa = PBXFileReference; fileEncoding = 4; lastKnownFileType = sourcecode.c.h; path = SBJsonStreamParserAdapter.h; sourceTree = "<group>"; };
		9D1119E21A9C9A0C006F0414 /* SBJsonStreamParserAdapter.m */ = {isa = PBXFileReference; fileEncoding = 4; lastKnownFileType = sourcecode.c.objc; path = SBJsonStreamParserAdapter.m; sourceTree = "<group>"; };
		9D1119E31A9C9A0C006F0414 /* SBJsonStreamParserState.h */ = {isa = PBXFileReference; fileEncoding = 4; lastKnownFileType = sourcecode.c.h; path = SBJsonStreamParserState.h; sourceTree = "<group>"; };
		9D1119E41A9C9A0C006F0414 /* SBJsonStreamParserState.m */ = {isa = PBXFileReference; fileEncoding = 4; lastKnownFileType = sourcecode.c.objc; path = SBJsonStreamParserState.m; sourceTree = "<group>"; };
		9D1119E51A9C9A0C006F0414 /* SBJsonStreamWriter.h */ = {isa = PBXFileReference; fileEncoding = 4; lastKnownFileType = sourcecode.c.h; path = SBJsonStreamWriter.h; sourceTree = "<group>"; };
		9D1119E61A9C9A0C006F0414 /* SBJsonStreamWriter.m */ = {isa = PBXFileReference; fileEncoding = 4; lastKnownFileType = sourcecode.c.objc; path = SBJsonStreamWriter.m; sourceTree = "<group>"; };
		9D1119E71A9C9A0C006F0414 /* SBJsonStreamWriterAccumulator.h */ = {isa = PBXFileReference; fileEncoding = 4; lastKnownFileType = sourcecode.c.h; path = SBJsonStreamWriterAccumulator.h; sourceTree = "<group>"; };
		9D1119E81A9C9A0C006F0414 /* SBJsonStreamWriterAccumulator.m */ = {isa = PBXFileReference; fileEncoding = 4; lastKnownFileType = sourcecode.c.objc; path = SBJsonStreamWriterAccumulator.m; sourceTree = "<group>"; };
		9D1119E91A9C9A0C006F0414 /* SBJsonStreamWriterState.h */ = {isa = PBXFileReference; fileEncoding = 4; lastKnownFileType = sourcecode.c.h; path = SBJsonStreamWriterState.h; sourceTree = "<group>"; };
		9D1119EA1A9C9A0C006F0414 /* SBJsonStreamWriterState.m */ = {isa = PBXFileReference; fileEncoding = 4; lastKnownFileType = sourcecode.c.objc; path = SBJsonStreamWriterState.m; sourceTree = "<group>"; };
		9D1119EB1A9C9A0C006F0414 /* SBJsonTokeniser.h */ = {isa = PBXFileReference; fileEncoding = 4; lastKnownFileType = sourcecode.c.h; path = SBJsonTokeniser.h; sourceTree = "<group>"; };
		9D1119EC1A9C9A0C006F0414 /* SBJsonTokeniser.m */ = {isa = PBXFileReference; fileEncoding = 4; lastKnownFileType = sourcecode.c.objc; path = SBJsonTokeniser.m; sourceTree = "<group>"; };
		9D1119ED1A9C9A0C006F0414 /* SBJsonUTF8Stream.h */ = {isa = PBXFileReference; fileEncoding = 4; lastKnownFileType = sourcecode.c.h; path = SBJsonUTF8Stream.h; sourceTree = "<group>"; };
		9D1119EE1A9C9A0C006F0414 /* SBJsonUTF8Stream.m */ = {isa = PBXFileReference; fileEncoding = 4; lastKnownFileType = sourcecode.c.objc; path = SBJsonUTF8Stream.m; sourceTree = "<group>"; };
		9D1119EF1A9C9A0C006F0414 /* SBJsonWriter.h */ = {isa = PBXFileReference; fileEncoding = 4; lastKnownFileType = sourcecode.c.h; path = SBJsonWriter.h; sourceTree = "<group>"; };
		9D1119F01A9C9A0C006F0414 /* SBJsonWriter.m */ = {isa = PBXFileReference; fileEncoding = 4; lastKnownFileType = sourcecode.c.objc; path = SBJsonWriter.m; sourceTree = "<group>"; };
		9D3788B71A9F3169006E46E1 /* User.h */ = {isa = PBXFileReference; fileEncoding = 4; lastKnownFileType = sourcecode.c.h; path = User.h; sourceTree = "<group>"; };
		9D3788B81A9F3169006E46E1 /* User.m */ = {isa = PBXFileReference; fileEncoding = 4; lastKnownFileType = sourcecode.c.objc; path = User.m; sourceTree = "<group>"; };
		9D3788BA1A9F3191006E46E1 /* ShoppingList.h */ = {isa = PBXFileReference; fileEncoding = 4; lastKnownFileType = sourcecode.c.h; path = ShoppingList.h; sourceTree = "<group>"; };
		9D3788BB1A9F3191006E46E1 /* ShoppingList.m */ = {isa = PBXFileReference; fileEncoding = 4; lastKnownFileType = sourcecode.c.objc; path = ShoppingList.m; sourceTree = "<group>"; };
		9D3788BD1A9F31AC006E46E1 /* Product.h */ = {isa = PBXFileReference; fileEncoding = 4; lastKnownFileType = sourcecode.c.h; path = Product.h; sourceTree = "<group>"; };
		9D3788BE1A9F31AC006E46E1 /* Product.m */ = {isa = PBXFileReference; fileEncoding = 4; lastKnownFileType = sourcecode.c.objc; path = Product.m; sourceTree = "<group>"; };
		9D8D8AEA1AAEF0B70048A883 /* SignUpViewController.h */ = {isa = PBXFileReference; fileEncoding = 4; lastKnownFileType = sourcecode.c.h; path = SignUpViewController.h; sourceTree = "<group>"; };
		9D8D8AEB1AAEF0B70048A883 /* SignUpViewController.m */ = {isa = PBXFileReference; fileEncoding = 4; lastKnownFileType = sourcecode.c.objc; path = SignUpViewController.m; sourceTree = "<group>"; };
		9D8D8AEC1AAEF0B70048A883 /* SignUpViewController.xib */ = {isa = PBXFileReference; fileEncoding = 4; lastKnownFileType = file.xib; path = SignUpViewController.xib; sourceTree = "<group>"; };
		9DB5F8E41A961B7B00EDF745 /* iShoppingList.app */ = {isa = PBXFileReference; explicitFileType = wrapper.application; includeInIndex = 0; path = iShoppingList.app; sourceTree = BUILT_PRODUCTS_DIR; };
		9DB5F8E81A961B7B00EDF745 /* Info.plist */ = {isa = PBXFileReference; lastKnownFileType = text.plist.xml; path = Info.plist; sourceTree = "<group>"; };
		9DB5F8E91A961B7B00EDF745 /* main.m */ = {isa = PBXFileReference; lastKnownFileType = sourcecode.c.objc; path = main.m; sourceTree = "<group>"; };
		9DB5F8EB1A961B7B00EDF745 /* AppDelegate.h */ = {isa = PBXFileReference; lastKnownFileType = sourcecode.c.h; path = AppDelegate.h; sourceTree = "<group>"; };
		9DB5F8EC1A961B7B00EDF745 /* AppDelegate.m */ = {isa = PBXFileReference; lastKnownFileType = sourcecode.c.objc; path = AppDelegate.m; sourceTree = "<group>"; };
		9DB5F8F41A961B7B00EDF745 /* Images.xcassets */ = {isa = PBXFileReference; lastKnownFileType = folder.assetcatalog; path = Images.xcassets; sourceTree = "<group>"; };
		9DB5F8F71A961B7B00EDF745 /* Base */ = {isa = PBXFileReference; lastKnownFileType = file.xib; name = Base; path = Base.lproj/LaunchScreen.xib; sourceTree = "<group>"; };
		9DB5F8FD1A961B7B00EDF745 /* iShoppingListTests.xctest */ = {isa = PBXFileReference; explicitFileType = wrapper.cfbundle; includeInIndex = 0; path = iShoppingListTests.xctest; sourceTree = BUILT_PRODUCTS_DIR; };
		9DB5F9021A961B7B00EDF745 /* Info.plist */ = {isa = PBXFileReference; lastKnownFileType = text.plist.xml; path = Info.plist; sourceTree = "<group>"; };
		9DB5F9031A961B7B00EDF745 /* iShoppingListTests.m */ = {isa = PBXFileReference; lastKnownFileType = sourcecode.c.objc; path = iShoppingListTests.m; sourceTree = "<group>"; };
		9DB5F90D1A961E2200EDF745 /* LoginViewController.h */ = {isa = PBXFileReference; fileEncoding = 4; lastKnownFileType = sourcecode.c.h; path = LoginViewController.h; sourceTree = "<group>"; };
		9DB5F90E1A961E2200EDF745 /* LoginViewController.m */ = {isa = PBXFileReference; fileEncoding = 4; lastKnownFileType = sourcecode.c.objc; path = LoginViewController.m; sourceTree = "<group>"; };
		9DB5F90F1A961E2200EDF745 /* LoginViewController.xib */ = {isa = PBXFileReference; fileEncoding = 4; lastKnownFileType = file.xib; path = LoginViewController.xib; sourceTree = "<group>"; };
/* End PBXFileReference section */

/* Begin PBXFrameworksBuildPhase section */
		9DB5F8E11A961B7B00EDF745 /* Frameworks */ = {
			isa = PBXFrameworksBuildPhase;
			buildActionMask = 2147483647;
			files = (
			);
			runOnlyForDeploymentPostprocessing = 0;
		};
		9DB5F8FA1A961B7B00EDF745 /* Frameworks */ = {
			isa = PBXFrameworksBuildPhase;
			buildActionMask = 2147483647;
			files = (
			);
			runOnlyForDeploymentPostprocessing = 0;
		};
/* End PBXFrameworksBuildPhase section */

/* Begin PBXGroup section */
		9D1119B11A9C99D6006F0414 /* json */ = {
			isa = PBXGroup;
			children = (
				9D1119D81A9C9A0C006F0414 /* NSObject+SBJson.h */,
				9D1119D91A9C9A0C006F0414 /* NSObject+SBJson.m */,
				9D1119DA1A9C9A0C006F0414 /* SBJson.h */,
				9D1119DB1A9C9A0C006F0414 /* SBJsonParser.h */,
				9D1119DC1A9C9A0C006F0414 /* SBJsonParser.m */,
				9D1119DD1A9C9A0C006F0414 /* SBJsonStreamParser.h */,
				9D1119DE1A9C9A0C006F0414 /* SBJsonStreamParser.m */,
				9D1119DF1A9C9A0C006F0414 /* SBJsonStreamParserAccumulator.h */,
				9D1119E01A9C9A0C006F0414 /* SBJsonStreamParserAccumulator.m */,
				9D1119E11A9C9A0C006F0414 /* SBJsonStreamParserAdapter.h */,
				9D1119E21A9C9A0C006F0414 /* SBJsonStreamParserAdapter.m */,
				9D1119E31A9C9A0C006F0414 /* SBJsonStreamParserState.h */,
				9D1119E41A9C9A0C006F0414 /* SBJsonStreamParserState.m */,
				9D1119E51A9C9A0C006F0414 /* SBJsonStreamWriter.h */,
				9D1119E61A9C9A0C006F0414 /* SBJsonStreamWriter.m */,
				9D1119E71A9C9A0C006F0414 /* SBJsonStreamWriterAccumulator.h */,
				9D1119E81A9C9A0C006F0414 /* SBJsonStreamWriterAccumulator.m */,
				9D1119E91A9C9A0C006F0414 /* SBJsonStreamWriterState.h */,
				9D1119EA1A9C9A0C006F0414 /* SBJsonStreamWriterState.m */,
				9D1119EB1A9C9A0C006F0414 /* SBJsonTokeniser.h */,
				9D1119EC1A9C9A0C006F0414 /* SBJsonTokeniser.m */,
				9D1119ED1A9C9A0C006F0414 /* SBJsonUTF8Stream.h */,
				9D1119EE1A9C9A0C006F0414 /* SBJsonUTF8Stream.m */,
				9D1119EF1A9C9A0C006F0414 /* SBJsonWriter.h */,
				9D1119F01A9C9A0C006F0414 /* SBJsonWriter.m */,
			);
			name = json;
			sourceTree = "<group>";
		};
		9DB5F8DB1A961B7B00EDF745 = {
			isa = PBXGroup;
			children = (
				9DB5F8E61A961B7B00EDF745 /* iShoppingList */,
				9DB5F9001A961B7B00EDF745 /* iShoppingListTests */,
				9DB5F8E51A961B7B00EDF745 /* Products */,
			);
			sourceTree = "<group>";
		};
		9DB5F8E51A961B7B00EDF745 /* Products */ = {
			isa = PBXGroup;
			children = (
				9DB5F8E41A961B7B00EDF745 /* iShoppingList.app */,
				9DB5F8FD1A961B7B00EDF745 /* iShoppingListTests.xctest */,
			);
			name = Products;
			sourceTree = "<group>";
		};
		9DB5F8E61A961B7B00EDF745 /* iShoppingList */ = {
			isa = PBXGroup;
			children = (
				9D04C9771AAF9F6B002E20F0 /* CreateListViewController.h */,
				9D04C9781AAF9F6B002E20F0 /* CreateListViewController.m */,
				9D04C9791AAF9F6B002E20F0 /* CreateListViewController.xib */,
				9D1119B11A9C99D6006F0414 /* json */,
				9DB5F8EB1A961B7B00EDF745 /* AppDelegate.h */,
				9DB5F8EC1A961B7B00EDF745 /* AppDelegate.m */,
				9DB5F8F41A961B7B00EDF745 /* Images.xcassets */,
				9DB5F8F61A961B7B00EDF745 /* LaunchScreen.xib */,
				9DB5F8E71A961B7B00EDF745 /* Supporting Files */,
				9DB5F90D1A961E2200EDF745 /* LoginViewController.h */,
				9DB5F90E1A961E2200EDF745 /* LoginViewController.m */,
				9DB5F90F1A961E2200EDF745 /* LoginViewController.xib */,
				9D3788B71A9F3169006E46E1 /* User.h */,
				9D3788B81A9F3169006E46E1 /* User.m */,
				9D3788BA1A9F3191006E46E1 /* ShoppingList.h */,
				9D3788BB1A9F3191006E46E1 /* ShoppingList.m */,
				9D3788BD1A9F31AC006E46E1 /* Product.h */,
				9D3788BE1A9F31AC006E46E1 /* Product.m */,
				9D8D8AEA1AAEF0B70048A883 /* SignUpViewController.h */,
				9D8D8AEB1AAEF0B70048A883 /* SignUpViewController.m */,
				9D8D8AEC1AAEF0B70048A883 /* SignUpViewController.xib */,
				9D05860F1AB05F7F00BB7844 /* ShoppingListViewController.h */,
				9D0586101AB05F7F00BB7844 /* ShoppingListViewController.m */,
				9D0586111AB05F7F00BB7844 /* ShoppingListViewController.xib */,
				9D0CE3161AB2DF8A002D181F /* ProductListViewController.h */,
				9D0CE3171AB2DF8A002D181F /* ProductListViewController.m */,
				9D0CE3181AB2DF8A002D181F /* ProductListViewController.xib */,
				9D0CE31B1AB2DFA3002D181F /* CreateProductViewController.h */,
				9D0CE31C1AB2DFA3002D181F /* CreateProductViewController.m */,
				9D0CE31D1AB2DFA3002D181F /* CreateProductViewController.xib */,
			);
			path = iShoppingList;
			sourceTree = "<group>";
		};
		9DB5F8E71A961B7B00EDF745 /* Supporting Files */ = {
			isa = PBXGroup;
			children = (
				9DB5F8E81A961B7B00EDF745 /* Info.plist */,
				9DB5F8E91A961B7B00EDF745 /* main.m */,
			);
			name = "Supporting Files";
			sourceTree = "<group>";
		};
		9DB5F9001A961B7B00EDF745 /* iShoppingListTests */ = {
			isa = PBXGroup;
			children = (
				9DB5F9031A961B7B00EDF745 /* iShoppingListTests.m */,
				9DB5F9011A961B7B00EDF745 /* Supporting Files */,
			);
			path = iShoppingListTests;
			sourceTree = "<group>";
		};
		9DB5F9011A961B7B00EDF745 /* Supporting Files */ = {
			isa = PBXGroup;
			children = (
				9DB5F9021A961B7B00EDF745 /* Info.plist */,
			);
			name = "Supporting Files";
			sourceTree = "<group>";
		};
/* End PBXGroup section */

/* Begin PBXNativeTarget section */
		9DB5F8E31A961B7B00EDF745 /* iShoppingList */ = {
			isa = PBXNativeTarget;
			buildConfigurationList = 9DB5F9071A961B7B00EDF745 /* Build configuration list for PBXNativeTarget "iShoppingList" */;
			buildPhases = (
				9DB5F8E01A961B7B00EDF745 /* Sources */,
				9DB5F8E11A961B7B00EDF745 /* Frameworks */,
				9DB5F8E21A961B7B00EDF745 /* Resources */,
			);
			buildRules = (
			);
			dependencies = (
			);
			name = iShoppingList;
			productName = iShoppingList;
			productReference = 9DB5F8E41A961B7B00EDF745 /* iShoppingList.app */;
			productType = "com.apple.product-type.application";
		};
		9DB5F8FC1A961B7B00EDF745 /* iShoppingListTests */ = {
			isa = PBXNativeTarget;
			buildConfigurationList = 9DB5F90A1A961B7C00EDF745 /* Build configuration list for PBXNativeTarget "iShoppingListTests" */;
			buildPhases = (
				9DB5F8F91A961B7B00EDF745 /* Sources */,
				9DB5F8FA1A961B7B00EDF745 /* Frameworks */,
				9DB5F8FB1A961B7B00EDF745 /* Resources */,
			);
			buildRules = (
			);
			dependencies = (
				9DB5F8FF1A961B7B00EDF745 /* PBXTargetDependency */,
			);
			name = iShoppingListTests;
			productName = iShoppingListTests;
			productReference = 9DB5F8FD1A961B7B00EDF745 /* iShoppingListTests.xctest */;
			productType = "com.apple.product-type.bundle.unit-test";
		};
/* End PBXNativeTarget section */

/* Begin PBXProject section */
		9DB5F8DC1A961B7B00EDF745 /* Project object */ = {
			isa = PBXProject;
			attributes = {
				LastUpgradeCheck = 0610;
				ORGANIZATIONNAME = "Nicolas Save";
				TargetAttributes = {
					9DB5F8E31A961B7B00EDF745 = {
						CreatedOnToolsVersion = 6.1.1;
					};
					9DB5F8FC1A961B7B00EDF745 = {
						CreatedOnToolsVersion = 6.1.1;
						TestTargetID = 9DB5F8E31A961B7B00EDF745;
					};
				};
			};
			buildConfigurationList = 9DB5F8DF1A961B7B00EDF745 /* Build configuration list for PBXProject "iShoppingList" */;
			compatibilityVersion = "Xcode 3.2";
			developmentRegion = English;
			hasScannedForEncodings = 0;
			knownRegions = (
				en,
				Base,
			);
			mainGroup = 9DB5F8DB1A961B7B00EDF745;
			productRefGroup = 9DB5F8E51A961B7B00EDF745 /* Products */;
			projectDirPath = "";
			projectRoot = "";
			targets = (
				9DB5F8E31A961B7B00EDF745 /* iShoppingList */,
				9DB5F8FC1A961B7B00EDF745 /* iShoppingListTests */,
			);
		};
/* End PBXProject section */

/* Begin PBXResourcesBuildPhase section */
		9DB5F8E21A961B7B00EDF745 /* Resources */ = {
			isa = PBXResourcesBuildPhase;
			buildActionMask = 2147483647;
			files = (
				9DB5F8F81A961B7B00EDF745 /* LaunchScreen.xib in Resources */,
				9D04C97B1AAF9F6B002E20F0 /* CreateListViewController.xib in Resources */,
				9D0586131AB05F7F00BB7844 /* ShoppingListViewController.xib in Resources */,
				9D0CE31A1AB2DF8A002D181F /* ProductListViewController.xib in Resources */,
				9D0CE31F1AB2DFA3002D181F /* CreateProductViewController.xib in Resources */,
				9DB5F8F51A961B7B00EDF745 /* Images.xcassets in Resources */,
				9D8D8AEE1AAEF0B70048A883 /* SignUpViewController.xib in Resources */,
				9DB5F9111A961E2200EDF745 /* LoginViewController.xib in Resources */,
			);
			runOnlyForDeploymentPostprocessing = 0;
		};
		9DB5F8FB1A961B7B00EDF745 /* Resources */ = {
			isa = PBXResourcesBuildPhase;
			buildActionMask = 2147483647;
			files = (
			);
			runOnlyForDeploymentPostprocessing = 0;
		};
/* End PBXResourcesBuildPhase section */

/* Begin PBXSourcesBuildPhase section */
		9DB5F8E01A961B7B00EDF745 /* Sources */ = {
			isa = PBXSourcesBuildPhase;
			buildActionMask = 2147483647;
			files = (
				9D0586121AB05F7F00BB7844 /* ShoppingListViewController.m in Sources */,
				9D3788B91A9F3169006E46E1 /* User.m in Sources */,
				9DB5F8ED1A961B7B00EDF745 /* AppDelegate.m in Sources */,
				9D1119FC1A9C9A0C006F0414 /* SBJsonWriter.m in Sources */,
				9D3788BF1A9F31AC006E46E1 /* Product.m in Sources */,
				9D8D8AED1AAEF0B70048A883 /* SignUpViewController.m in Sources */,
				9DB5F8EA1A961B7B00EDF745 /* main.m in Sources */,
				9D1119FA1A9C9A0C006F0414 /* SBJsonTokeniser.m in Sources */,
				9D1119F11A9C9A0C006F0414 /* NSObject+SBJson.m in Sources */,
				9D1119F71A9C9A0C006F0414 /* SBJsonStreamWriter.m in Sources */,
				9D0CE3191AB2DF8A002D181F /* ProductListViewController.m in Sources */,
				9D1119F31A9C9A0C006F0414 /* SBJsonStreamParser.m in Sources */,
				9D0CE31E1AB2DFA3002D181F /* CreateProductViewController.m in Sources */,
				9D1119F21A9C9A0C006F0414 /* SBJsonParser.m in Sources */,
				9D1119F41A9C9A0C006F0414 /* SBJsonStreamParserAccumulator.m in Sources */,
				9D04C97A1AAF9F6B002E20F0 /* CreateListViewController.m in Sources */,
				9D1119F61A9C9A0C006F0414 /* SBJsonStreamParserState.m in Sources */,
				9D1119F81A9C9A0C006F0414 /* SBJsonStreamWriterAccumulator.m in Sources */,
				9D1119F91A9C9A0C006F0414 /* SBJsonStreamWriterState.m in Sources */,
				9D1119FB1A9C9A0C006F0414 /* SBJsonUTF8Stream.m in Sources */,
				9D3788BC1A9F3191006E46E1 /* ShoppingList.m in Sources */,
				9DB5F9101A961E2200EDF745 /* LoginViewController.m in Sources */,
				9D1119F51A9C9A0C006F0414 /* SBJsonStreamParserAdapter.m in Sources */,
			);
			runOnlyForDeploymentPostprocessing = 0;
		};
		9DB5F8F91A961B7B00EDF745 /* Sources */ = {
			isa = PBXSourcesBuildPhase;
			buildActionMask = 2147483647;
			files = (
				9DB5F9041A961B7B00EDF745 /* iShoppingListTests.m in Sources */,
			);
			runOnlyForDeploymentPostprocessing = 0;
		};
/* End PBXSourcesBuildPhase section */

/* Begin PBXTargetDependency section */
		9DB5F8FF1A961B7B00EDF745 /* PBXTargetDependency */ = {
			isa = PBXTargetDependency;
			target = 9DB5F8E31A961B7B00EDF745 /* iShoppingList */;
			targetProxy = 9DB5F8FE1A961B7B00EDF745 /* PBXContainerItemProxy */;
		};
/* End PBXTargetDependency section */

/* Begin PBXVariantGroup section */
		9DB5F8F61A961B7B00EDF745 /* LaunchScreen.xib */ = {
			isa = PBXVariantGroup;
			children = (
				9DB5F8F71A961B7B00EDF745 /* Base */,
			);
			name = LaunchScreen.xib;
			sourceTree = "<group>";
		};
/* End PBXVariantGroup section */

/* Begin XCBuildConfiguration section */
		9DB5F9051A961B7B00EDF745 /* Debug */ = {
			isa = XCBuildConfiguration;
			buildSettings = {
				ALWAYS_SEARCH_USER_PATHS = NO;
				CLANG_CXX_LANGUAGE_STANDARD = "gnu++0x";
				CLANG_CXX_LIBRARY = "libc++";
				CLANG_ENABLE_MODULES = YES;
				CLANG_ENABLE_OBJC_ARC = YES;
				CLANG_WARN_BOOL_CONVERSION = YES;
				CLANG_WARN_CONSTANT_CONVERSION = YES;
				CLANG_WARN_DIRECT_OBJC_ISA_USAGE = YES_ERROR;
				CLANG_WARN_EMPTY_BODY = YES;
				CLANG_WARN_ENUM_CONVERSION = YES;
				CLANG_WARN_INT_CONVERSION = YES;
				CLANG_WARN_OBJC_ROOT_CLASS = YES_ERROR;
				CLANG_WARN_UNREACHABLE_CODE = YES;
				CLANG_WARN__DUPLICATE_METHOD_MATCH = YES;
				"CODE_SIGN_IDENTITY[sdk=iphoneos*]" = "iPhone Developer";
				COPY_PHASE_STRIP = NO;
				ENABLE_STRICT_OBJC_MSGSEND = YES;
				GCC_C_LANGUAGE_STANDARD = gnu99;
				GCC_DYNAMIC_NO_PIC = NO;
				GCC_OPTIMIZATION_LEVEL = 0;
				GCC_PREPROCESSOR_DEFINITIONS = (
					"DEBUG=1",
					"$(inherited)",
				);
				GCC_SYMBOLS_PRIVATE_EXTERN = NO;
				GCC_WARN_64_TO_32_BIT_CONVERSION = YES;
				GCC_WARN_ABOUT_RETURN_TYPE = YES_ERROR;
				GCC_WARN_UNDECLARED_SELECTOR = YES;
				GCC_WARN_UNINITIALIZED_AUTOS = YES_AGGRESSIVE;
				GCC_WARN_UNUSED_FUNCTION = YES;
				GCC_WARN_UNUSED_VARIABLE = YES;
				IPHONEOS_DEPLOYMENT_TARGET = 8.1;
				MTL_ENABLE_DEBUG_INFO = YES;
				ONLY_ACTIVE_ARCH = YES;
				SDKROOT = iphoneos;
				TARGETED_DEVICE_FAMILY = "1,2";
			};
			name = Debug;
		};
		9DB5F9061A961B7B00EDF745 /* Release */ = {
			isa = XCBuildConfiguration;
			buildSettings = {
				ALWAYS_SEARCH_USER_PATHS = NO;
				CLANG_CXX_LANGUAGE_STANDARD = "gnu++0x";
				CLANG_CXX_LIBRARY = "libc++";
				CLANG_ENABLE_MODULES = YES;
				CLANG_ENABLE_OBJC_ARC = YES;
				CLANG_WARN_BOOL_CONVERSION = YES;
				CLANG_WARN_CONSTANT_CONVERSION = YES;
				CLANG_WARN_DIRECT_OBJC_ISA_USAGE = YES_ERROR;
				CLANG_WARN_EMPTY_BODY = YES;
				CLANG_WARN_ENUM_CONVERSION = YES;
				CLANG_WARN_INT_CONVERSION = YES;
				CLANG_WARN_OBJC_ROOT_CLASS = YES_ERROR;
				CLANG_WARN_UNREACHABLE_CODE = YES;
				CLANG_WARN__DUPLICATE_METHOD_MATCH = YES;
				"CODE_SIGN_IDENTITY[sdk=iphoneos*]" = "iPhone Developer";
				COPY_PHASE_STRIP = YES;
				ENABLE_NS_ASSERTIONS = NO;
				ENABLE_STRICT_OBJC_MSGSEND = YES;
				GCC_C_LANGUAGE_STANDARD = gnu99;
				GCC_WARN_64_TO_32_BIT_CONVERSION = YES;
				GCC_WARN_ABOUT_RETURN_TYPE = YES_ERROR;
				GCC_WARN_UNDECLARED_SELECTOR = YES;
				GCC_WARN_UNINITIALIZED_AUTOS = YES_AGGRESSIVE;
				GCC_WARN_UNUSED_FUNCTION = YES;
				GCC_WARN_UNUSED_VARIABLE = YES;
				IPHONEOS_DEPLOYMENT_TARGET = 8.1;
				MTL_ENABLE_DEBUG_INFO = NO;
				SDKROOT = iphoneos;
				TARGETED_DEVICE_FAMILY = "1,2";
				VALIDATE_PRODUCT = YES;
			};
			name = Release;
		};
		9DB5F9081A961B7B00EDF745 /* Debug */ = {
			isa = XCBuildConfiguration;
			buildSettings = {
				ASSETCATALOG_COMPILER_APPICON_NAME = AppIcon;
				INFOPLIST_FILE = iShoppingList/Info.plist;
				LD_RUNPATH_SEARCH_PATHS = "$(inherited) @executable_path/Frameworks";
				PRODUCT_NAME = "$(TARGET_NAME)";
			};
			name = Debug;
		};
		9DB5F9091A961B7B00EDF745 /* Release */ = {
			isa = XCBuildConfiguration;
			buildSettings = {
				ASSETCATALOG_COMPILER_APPICON_NAME = AppIcon;
				INFOPLIST_FILE = iShoppingList/Info.plist;
				LD_RUNPATH_SEARCH_PATHS = "$(inherited) @executable_path/Frameworks";
				PRODUCT_NAME = "$(TARGET_NAME)";
			};
			name = Release;
		};
		9DB5F90B1A961B7C00EDF745 /* Debug */ = {
			isa = XCBuildConfiguration;
			buildSettings = {
				BUNDLE_LOADER = "$(TEST_HOST)";
				FRAMEWORK_SEARCH_PATHS = (
					"$(SDKROOT)/Developer/Library/Frameworks",
					"$(inherited)",
				);
				GCC_PREPROCESSOR_DEFINITIONS = (
					"DEBUG=1",
					"$(inherited)",
				);
				INFOPLIST_FILE = iShoppingListTests/Info.plist;
				LD_RUNPATH_SEARCH_PATHS = "$(inherited) @executable_path/Frameworks @loader_path/Frameworks";
				PRODUCT_NAME = "$(TARGET_NAME)";
				TEST_HOST = "$(BUILT_PRODUCTS_DIR)/iShoppingList.app/iShoppingList";
			};
			name = Debug;
		};
		9DB5F90C1A961B7C00EDF745 /* Release */ = {
			isa = XCBuildConfiguration;
			buildSettings = {
				BUNDLE_LOADER = "$(TEST_HOST)";
				FRAMEWORK_SEARCH_PATHS = (
					"$(SDKROOT)/Developer/Library/Frameworks",
					"$(inherited)",
				);
				INFOPLIST_FILE = iShoppingListTests/Info.plist;
				LD_RUNPATH_SEARCH_PATHS = "$(inherited) @executable_path/Frameworks @loader_path/Frameworks";
				PRODUCT_NAME = "$(TARGET_NAME)";
				TEST_HOST = "$(BUILT_PRODUCTS_DIR)/iShoppingList.app/iShoppingList";
			};
			name = Release;
		};
/* End XCBuildConfiguration section */

/* Begin XCConfigurationList section */
		9DB5F8DF1A961B7B00EDF745 /* Build configuration list for PBXProject "iShoppingList" */ = {
			isa = XCConfigurationList;
			buildConfigurations = (
				9DB5F9051A961B7B00EDF745 /* Debug */,
				9DB5F9061A961B7B00EDF745 /* Release */,
			);
			defaultConfigurationIsVisible = 0;
			defaultConfigurationName = Release;
		};
		9DB5F9071A961B7B00EDF745 /* Build configuration list for PBXNativeTarget "iShoppingList" */ = {
			isa = XCConfigurationList;
			buildConfigurations = (
				9DB5F9081A961B7B00EDF745 /* Debug */,
				9DB5F9091A961B7B00EDF745 /* Release */,
			);
			defaultConfigurationIsVisible = 0;
			defaultConfigurationName = Release;
		};
		9DB5F90A1A961B7C00EDF745 /* Build configuration list for PBXNativeTarget "iShoppingListTests" */ = {
			isa = XCConfigurationList;
			buildConfigurations = (
				9DB5F90B1A961B7C00EDF745 /* Debug */,
				9DB5F90C1A961B7C00EDF745 /* Release */,
			);
			defaultConfigurationIsVisible = 0;
			defaultConfigurationName = Release;
		};
/* End XCConfigurationList section */
	};
	rootObject = 9DB5F8DC1A961B7B00EDF745 /* Project object */;
}
